
Microsoft Visual Studio Solution File, Format Version 12.00
# Visual Studio Version 17
VisualStudioVersion = 17.5.002.0
MinimumVisualStudioVersion = 10.0.40219.1
Project("{9A19103F-16F7-4668-BE54-9A1E7A4F7556}") = "Clase10", "Clase10.csproj", "{6BD5D63C-4C39-40DF-8B52-EE8ECC187D6A}"
EndProject
Global
	GlobalSection(SolutionConfigurationPlatforms) = preSolution
		Debug|Any CPU = Debug|Any CPU
		Release|Any CPU = Release|Any CPU
	EndGlobalSection
	GlobalSection(ProjectConfigurationPlatforms) = postSolution
		{6BD5D63C-4C39-40DF-8B52-EE8ECC187D6A}.Debug|Any CPU.ActiveCfg = Debug|Any CPU
		{6BD5D63C-4C39-40DF-8B52-EE8ECC187D6A}.Debug|Any CPU.Build.0 = Debug|Any CPU
		{6BD5D63C-4C39-40DF-8B52-EE8ECC187D6A}.Release|Any CPU.ActiveCfg = Release|Any CPU
		{6BD5D63C-4C39-40DF-8B52-EE8ECC187D6A}.Release|Any CPU.Build.0 = Release|Any CPU
	EndGlobalSection
	GlobalSection(SolutionProperties) = preSolution
		HideSolutionNode = FALSE
	EndGlobalSection
	GlobalSection(ExtensibilityGlobals) = postSolution
		SolutionGuid = {AC01B608-5F89-42EE-ADA3-A232A00DC89B}
	EndGlobalSection
EndGlobal
